
Microsoft Visual Studio Solution File, Format Version 12.00
# Visual Studio Version 17
VisualStudioVersion = 17.8.34316.72
MinimumVisualStudioVersion = 10.0.40219.1
Project("{FAE04EC0-301F-11D3-BF4B-00C04F79EFBC}") = "Homework1", "Homework1.csproj", "{25A001A4-6A4A-4A49-B776-F31F2E50AAFD}"
EndProject
Project("{9A19103F-16F7-4668-BE54-9A1E7A4F7556}") = "Homework2", "Homework2\Homework2.csproj", "{6BFB24D0-FFA2-435B-B584-61FC7B12186E}"
EndProject
Project("{FAE04EC0-301F-11D3-BF4B-00C04F79EFBC}") = "Homework3", "Homework3\Homework3.csproj", "{B5224F74-2053-4667-9E11-6D0E5D429B77}"
EndProject
Global
	GlobalSection(SolutionConfigurationPlatforms) = preSolution
		Debug|Any CPU = Debug|Any CPU
		Release|Any CPU = Release|Any CPU
	EndGlobalSection
	GlobalSection(ProjectConfigurationPlatforms) = postSolution
		{25A001A4-6A4A-4A49-B776-F31F2E50AAFD}.Debug|Any CPU.ActiveCfg = Debug|Any CPU
		{25A001A4-6A4A-4A49-B776-F31F2E50AAFD}.Debug|Any CPU.Build.0 = Debug|Any CPU
		{25A001A4-6A4A-4A49-B776-F31F2E50AAFD}.Release|Any CPU.ActiveCfg = Release|Any CPU
		{25A001A4-6A4A-4A49-B776-F31F2E50AAFD}.Release|Any CPU.Build.0 = Release|Any CPU
		{6BFB24D0-FFA2-435B-B584-61FC7B12186E}.Debug|Any CPU.ActiveCfg = Debug|Any CPU
		{6BFB24D0-FFA2-435B-B584-61FC7B12186E}.Debug|Any CPU.Build.0 = Debug|Any CPU
		{6BFB24D0-FFA2-435B-B584-61FC7B12186E}.Release|Any CPU.ActiveCfg = Release|Any CPU
		{6BFB24D0-FFA2-435B-B584-61FC7B12186E}.Release|Any CPU.Build.0 = Release|Any CPU
		{B5224F74-2053-4667-9E11-6D0E5D429B77}.Debug|Any CPU.ActiveCfg = Debug|Any CPU
		{B5224F74-2053-4667-9E11-6D0E5D429B77}.Debug|Any CPU.Build.0 = Debug|Any CPU
		{B5224F74-2053-4667-9E11-6D0E5D429B77}.Release|Any CPU.ActiveCfg = Release|Any CPU
		{B5224F74-2053-4667-9E11-6D0E5D429B77}.Release|Any CPU.Build.0 = Release|Any CPU
	EndGlobalSection
	GlobalSection(SolutionProperties) = preSolution
		HideSolutionNode = FALSE
	EndGlobalSection
	GlobalSection(ExtensibilityGlobals) = postSolution
		SolutionGuid = {EEC6B84F-4661-4F36-A46E-34B9B7A80C54}
	EndGlobalSection
EndGlobal
